
Microsoft Visual Studio Solution File, Format Version 12.00
# Visual Studio Version 16
VisualStudioVersion = 16.0.30804.86
MinimumVisualStudioVersion = 10.0.40219.1
Project("{9A19103F-16F7-4668-BE54-9A1E7A4F7556}") = "Sandervanteinde.BlogApi", "Sandervanteinde.BlogApi\Sandervanteinde.BlogApi.csproj", "{7240D5DE-4119-478C-9634-AD5DC71C65AF}"
EndProject
Project("{9A19103F-16F7-4668-BE54-9A1E7A4F7556}") = "Sandervanteinde.BlogApi.Database", "Sandervanteinde.BlogApi.Database\Sandervanteinde.BlogApi.Database.csproj", "{D88E8A0E-50AD-433B-9E5B-9E427651B91A}"
EndProject
Project("{FAE04EC0-301F-11D3-BF4B-00C04F79EFBC}") = "Sandervanteinde.BlogApi.Infrastructure", "Sandervanteinde.BlogApi.Infrastructure\Sandervanteinde.BlogApi.Infrastructure.csproj", "{58C0EB78-679E-43EF-B639-8F6706A05F5F}"
EndProject
Project("{FAE04EC0-301F-11D3-BF4B-00C04F79EFBC}") = "Sandervanteinde.BlogApi.Messages", "Sandervanteinde.BlogApi.Messages\Sandervanteinde.BlogApi.Messages.csproj", "{3D3B7584-F2C4-4DFB-959A-4318F6A9CC1D}"
EndProject
Project("{2150E333-8FDC-42A3-9474-1A3956D46DE8}") = "Solution Items", "Solution Items", "{1C6BF63C-0B38-4059-BDEB-C9B1ECC99A3A}"
	ProjectSection(SolutionItems) = preProject
		Directory.Build.props = Directory.Build.props
	EndProjectSection
EndProject
Global
	GlobalSection(SolutionConfigurationPlatforms) = preSolution
		Debug|Any CPU = Debug|Any CPU
		Release|Any CPU = Release|Any CPU
	EndGlobalSection
	GlobalSection(ProjectConfigurationPlatforms) = postSolution
		{7240D5DE-4119-478C-9634-AD5DC71C65AF}.Debug|Any CPU.ActiveCfg = Debug|Any CPU
		{7240D5DE-4119-478C-9634-AD5DC71C65AF}.Debug|Any CPU.Build.0 = Debug|Any CPU
		{7240D5DE-4119-478C-9634-AD5DC71C65AF}.Release|Any CPU.ActiveCfg = Release|Any CPU
		{7240D5DE-4119-478C-9634-AD5DC71C65AF}.Release|Any CPU.Build.0 = Release|Any CPU
		{D88E8A0E-50AD-433B-9E5B-9E427651B91A}.Debug|Any CPU.ActiveCfg = Debug|Any CPU
		{D88E8A0E-50AD-433B-9E5B-9E427651B91A}.Debug|Any CPU.Build.0 = Debug|Any CPU
		{D88E8A0E-50AD-433B-9E5B-9E427651B91A}.Release|Any CPU.ActiveCfg = Release|Any CPU
		{D88E8A0E-50AD-433B-9E5B-9E427651B91A}.Release|Any CPU.Build.0 = Release|Any CPU
		{58C0EB78-679E-43EF-B639-8F6706A05F5F}.Debug|Any CPU.ActiveCfg = Debug|Any CPU
		{58C0EB78-679E-43EF-B639-8F6706A05F5F}.Debug|Any CPU.Build.0 = Debug|Any CPU
		{58C0EB78-679E-43EF-B639-8F6706A05F5F}.Release|Any CPU.ActiveCfg = Release|Any CPU
		{58C0EB78-679E-43EF-B639-8F6706A05F5F}.Release|Any CPU.Build.0 = Release|Any CPU
		{3D3B7584-F2C4-4DFB-959A-4318F6A9CC1D}.Debug|Any CPU.ActiveCfg = Debug|Any CPU
		{3D3B7584-F2C4-4DFB-959A-4318F6A9CC1D}.Debug|Any CPU.Build.0 = Debug|Any CPU
		{3D3B7584-F2C4-4DFB-959A-4318F6A9CC1D}.Release|Any CPU.ActiveCfg = Release|Any CPU
		{3D3B7584-F2C4-4DFB-959A-4318F6A9CC1D}.Release|Any CPU.Build.0 = Release|Any CPU
	EndGlobalSection
	GlobalSection(SolutionProperties) = preSolution
		HideSolutionNode = FALSE
	EndGlobalSection
	GlobalSection(ExtensibilityGlobals) = postSolution
		SolutionGuid = {86358634-BD8C-4176-AD9D-30D4E910188C}
	EndGlobalSection
EndGlobal
